PODS:
  - IQKeyboardManagerSwift (6.5.2)
  - Realm (3.21.0):
    - Realm/Headers (= 3.21.0)
  - Realm/Headers (3.21.0)
  - RealmSwift (3.21.0):
    - Realm (= 3.21.0)
  - SDStateTableView (0.0.3)
  - SwiftLint (0.36.0)

DEPENDENCIES:
  - IQKeyboardManagerSwift
  - RealmSwift
  - SDStateTableView
  - SwiftLint

SPEC REPOS:
  trunk:
    - IQKeyboardManagerSwift
    - Realm
    - RealmSwift
    - SDStateTableView
    - SwiftLint

SPEC CHECKSUMS:
  IQKeyboardManagerSwift: c75366f1f19590e8caeae45fcd5815c9289d6099
  Realm: 38e9dcb19104b58407167d99f70d4995f7c16023
  RealmSwift: 3183cc1ad48378fbcd634311b22c0e6c44021152
  SDStateTableView: cb4dd2a3b6d31850a70e91c19dc79ab127a8e7c6
  SwiftLint: fc9859e4e1752340664851f667bb1898b9c90114

PODFILE CHECKSUM: dd2055763b4446175b207af9c0ed6fbe4de408cb

COCOAPODS: 1.8.4
